
Microsoft Visual Studio Solution File, Format Version 12.00
# Visual Studio 14
VisualStudioVersion = 14.0.25420.1
MinimumVisualStudioVersion = 10.0.40219.1
Project("{FAE04EC0-301F-11D3-BF4B-00C04F79EFBC}") = "HookedMethod", "HookedMethod.csproj", "{1991750C-37B1-4429-86F7-2E748FCC576C}"
EndProject
Project("{FAE04EC0-301F-11D3-BF4B-00C04F79EFBC}") = "Examples", "Examples\Examples.csproj", "{31A39506-0E17-48A4-8FFF-92EF242BFAE2}"
EndProject
Project("{FAE04EC0-301F-11D3-BF4B-00C04F79EFBC}") = "MonoMod.Utils", "MonoMod\MonoMod.Utils\MonoMod.Utils.csproj", "{1839CFE2-3DB0-45A8-B03D-9AA797479A3A}"
EndProject
Project("{FAE04EC0-301F-11D3-BF4B-00C04F79EFBC}") = "MonoMod.RuntimeDetour", "MonoMod\MonoMod.RuntimeDetour\MonoMod.RuntimeDetour.csproj", "{D0C584C0-81D7-486E-B70E-D7F9256E0909}"
EndProject
Global
	GlobalSection(SolutionConfigurationPlatforms) = preSolution
		Debug|Any CPU = Debug|Any CPU
		Release|Any CPU = Release|Any CPU
	EndGlobalSection
	GlobalSection(ProjectConfigurationPlatforms) = postSolution
		{1991750C-37B1-4429-86F7-2E748FCC576C}.Debug|Any CPU.ActiveCfg = Debug|Any CPU
		{1991750C-37B1-4429-86F7-2E748FCC576C}.Debug|Any CPU.Build.0 = Debug|Any CPU
		{1991750C-37B1-4429-86F7-2E748FCC576C}.Release|Any CPU.ActiveCfg = Release|Any CPU
		{1991750C-37B1-4429-86F7-2E748FCC576C}.Release|Any CPU.Build.0 = Release|Any CPU
		{31A39506-0E17-48A4-8FFF-92EF242BFAE2}.Debug|Any CPU.ActiveCfg = Debug|Any CPU
		{31A39506-0E17-48A4-8FFF-92EF242BFAE2}.Debug|Any CPU.Build.0 = Debug|Any CPU
		{31A39506-0E17-48A4-8FFF-92EF242BFAE2}.Release|Any CPU.ActiveCfg = Release|Any CPU
		{31A39506-0E17-48A4-8FFF-92EF242BFAE2}.Release|Any CPU.Build.0 = Release|Any CPU
		{1839CFE2-3DB0-45A8-B03D-9AA797479A3A}.Debug|Any CPU.ActiveCfg = Debug|Any CPU
		{1839CFE2-3DB0-45A8-B03D-9AA797479A3A}.Debug|Any CPU.Build.0 = Debug|Any CPU
		{1839CFE2-3DB0-45A8-B03D-9AA797479A3A}.Release|Any CPU.ActiveCfg = Release|Any CPU
		{1839CFE2-3DB0-45A8-B03D-9AA797479A3A}.Release|Any CPU.Build.0 = Release|Any CPU
		{D0C584C0-81D7-486E-B70E-D7F9256E0909}.Debug|Any CPU.ActiveCfg = Debug|Any CPU
		{D0C584C0-81D7-486E-B70E-D7F9256E0909}.Debug|Any CPU.Build.0 = Debug|Any CPU
		{D0C584C0-81D7-486E-B70E-D7F9256E0909}.Release|Any CPU.ActiveCfg = Release|Any CPU
		{D0C584C0-81D7-486E-B70E-D7F9256E0909}.Release|Any CPU.Build.0 = Release|Any CPU
	EndGlobalSection
	GlobalSection(SolutionProperties) = preSolution
		HideSolutionNode = FALSE
	EndGlobalSection
EndGlobal
